// !$*UTF8*$!
{
	archiveVersion = 1;
	classes = {
	};
	objectVersion = 46;
	objects = {

/* Begin PBXBuildFile section */
		32B1AB7F60E1AF67E8EF0FD6 /* Pods_Easy2Sell.framework in Frameworks */ = {isa = PBXBuildFile; fileRef = 65D0E7E9A2B6984E20ACD9FF /* Pods_Easy2Sell.framework */; };
		CE1315702018467000005956 /* AppDelegate.swift in Sources */ = {isa = PBXBuildFile; fileRef = CE13156F2018467000005956 /* AppDelegate.swift */; };
		CE1315722018467000005956 /* HomeVC.swift in Sources */ = {isa = PBXBuildFile; fileRef = CE1315712018467000005956 /* HomeVC.swift */; };
		CE1315782018467000005956 /* Easy2Sell.xcdatamodeld in Sources */ = {isa = PBXBuildFile; fileRef = CE1315762018467000005956 /* Easy2Sell.xcdatamodeld */; };
		CE13157A2018467000005956 /* Assets.xcassets in Resources */ = {isa = PBXBuildFile; fileRef = CE1315792018467000005956 /* Assets.xcassets */; };
		CE13157D2018467000005956 /* LaunchScreen.storyboard in Resources */ = {isa = PBXBuildFile; fileRef = CE13157B2018467000005956 /* LaunchScreen.storyboard */; };
		CE1315AF201E3B8C00005956 /* selectuser1.png in Resources */ = {isa = PBXBuildFile; fileRef = CE1315AE201E3B8C00005956 /* selectuser1.png */; };
		CE1315B2201E426200005956 /* admin1.png in Resources */ = {isa = PBXBuildFile; fileRef = CE1315B0201E426200005956 /* admin1.png */; };
		CE1315B3201E426200005956 /* employeebutton.png in Resources */ = {isa = PBXBuildFile; fileRef = CE1315B1201E426200005956 /* employeebutton.png */; };
		CE39CA122046780800A7B506 /* AdminHomeVC.swift in Sources */ = {isa = PBXBuildFile; fileRef = CE39CA112046780800A7B506 /* AdminHomeVC.swift */; };
		CE39CA142046782000A7B506 /* EmployeeHomeVC.swift in Sources */ = {isa = PBXBuildFile; fileRef = CE39CA132046782000A7B506 /* EmployeeHomeVC.swift */; };
		CE39CA162046795A00A7B506 /* AlertController.swift in Sources */ = {isa = PBXBuildFile; fileRef = CE39CA152046795A00A7B506 /* AlertController.swift */; };
		CE39CA38204ADB4800A7B506 /* logout-button-md.png in Resources */ = {isa = PBXBuildFile; fileRef = CE39CA37204ADB4800A7B506 /* logout-button-md.png */; };
		CE39CA862057AD6100A7B506 /* acEmplyBTN.png in Resources */ = {isa = PBXBuildFile; fileRef = CE39CA822057AD6100A7B506 /* acEmplyBTN.png */; };
		CE39CA872057AD6100A7B506 /* addEplyBTN.png in Resources */ = {isa = PBXBuildFile; fileRef = CE39CA832057AD6100A7B506 /* addEplyBTN.png */; };
		CE39CA882057AD6100A7B506 /* addProBtn.png in Resources */ = {isa = PBXBuildFile; fileRef = CE39CA842057AD6100A7B506 /* addProBtn.png */; };
		CE39CA892057AD6100A7B506 /* proreqstBTN.png in Resources */ = {isa = PBXBuildFile; fileRef = CE39CA852057AD6100A7B506 /* proreqstBTN.png */; };
		CE39CA8B2057B67D00A7B506 /* MapView.png in Resources */ = {isa = PBXBuildFile; fileRef = CE39CA8A2057B67D00A7B506 /* MapView.png */; };
		CE39CA8F20582A1200A7B506 /* MySellHistory.png in Resources */ = {isa = PBXBuildFile; fileRef = CE39CA8C20582A1200A7B506 /* MySellHistory.png */; };
		CE39CA9020582A1200A7B506 /* MyVisitedCompany.png in Resources */ = {isa = PBXBuildFile; fileRef = CE39CA8D20582A1200A7B506 /* MyVisitedCompany.png */; };
		CE39CA9120582A1200A7B506 /* productList.png in Resources */ = {isa = PBXBuildFile; fileRef = CE39CA8E20582A1200A7B506 /* productList.png */; };
		CE39CA93205831EE00A7B506 /* logout.png in Resources */ = {isa = PBXBuildFile; fileRef = CE39CA92205831EE00A7B506 /* logout.png */; };
		CE695568205A93BB00529BB6 /* FancyView.swift in Sources */ = {isa = PBXBuildFile; fileRef = CE695567205A93BB00529BB6 /* FancyView.swift */; };
		CE69556A205A93C500529BB6 /* RoundBtn.swift in Sources */ = {isa = PBXBuildFile; fileRef = CE695569205A93C500529BB6 /* RoundBtn.swift */; };
		CE69556C205A93CB00529BB6 /* FancyField.swift in Sources */ = {isa = PBXBuildFile; fileRef = CE69556B205A93CB00529BB6 /* FancyField.swift */; };
		CE69556E205A93D100529BB6 /* FancyBtn.swift in Sources */ = {isa = PBXBuildFile; fileRef = CE69556D205A93D100529BB6 /* FancyBtn.swift */; };
		CE695570205A93D700529BB6 /* CircleView.swift in Sources */ = {isa = PBXBuildFile; fileRef = CE69556F205A93D700529BB6 /* CircleView.swift */; };
		CE695573205A946B00529BB6 /* Constants.swift in Sources */ = {isa = PBXBuildFile; fileRef = CE695572205A946B00529BB6 /* Constants.swift */; };
		CE6C0AEA2020C16600FF6AB6 /* EmployeeSignUp_In.swift in Sources */ = {isa = PBXBuildFile; fileRef = CE6C0AE92020C16600FF6AB6 /* EmployeeSignUp_In.swift */; };
		CE85B983201F5D9C00F806E8 /* Main.storyboard in Resources */ = {isa = PBXBuildFile; fileRef = CE85B981201F5D9C00F806E8 /* Main.storyboard */; };
		CE85B986201F618800F806E8 /* loginbtn.png in Resources */ = {isa = PBXBuildFile; fileRef = CE85B984201F618800F806E8 /* loginbtn.png */; };
		CE85B987201F618800F806E8 /* signupbtn.png in Resources */ = {isa = PBXBuildFile; fileRef = CE85B985201F618800F806E8 /* signupbtn.png */; };
		CE85B98E201F83C800F806E8 /* AdminSignUP_In.swift in Sources */ = {isa = PBXBuildFile; fileRef = CE85B98D201F83C800F806E8 /* AdminSignUP_In.swift */; };
		CE903F8A20458E6D00FAAEA0 /* GoogleService-Info.plist in Resources */ = {isa = PBXBuildFile; fileRef = CE903F8920458E6D00FAAEA0 /* GoogleService-Info.plist */; };
		CEB496F1205CFD6F00C2E1DA /* AddEmployeeVC.swift in Sources */ = {isa = PBXBuildFile; fileRef = CEB496F0205CFD6F00C2E1DA /* AddEmployeeVC.swift */; };
		CEB496F5205D02E600C2E1DA /* AddProductVC.swift in Sources */ = {isa = PBXBuildFile; fileRef = CEB496F4205D02E600C2E1DA /* AddProductVC.swift */; };
		CEB496F7205D03A700C2E1DA /* ProductRequestVC.swift in Sources */ = {isa = PBXBuildFile; fileRef = CEB496F6205D03A700C2E1DA /* ProductRequestVC.swift */; };
		CEB496F9205D04AF00C2E1DA /* ProductListVC.swift in Sources */ = {isa = PBXBuildFile; fileRef = CEB496F8205D04AF00C2E1DA /* ProductListVC.swift */; };
		CEB496FB205D04F200C2E1DA /* MyVisitedComVC.swift in Sources */ = {isa = PBXBuildFile; fileRef = CEB496FA205D04F200C2E1DA /* MyVisitedComVC.swift */; };
		CEB496FD205D052700C2E1DA /* CellHistoryVC.swift in Sources */ = {isa = PBXBuildFile; fileRef = CEB496FC205D052700C2E1DA /* CellHistoryVC.swift */; };
		CEB49701205E33C700C2E1DA /* AddEmployeeTableCell.swift in Sources */ = {isa = PBXBuildFile; fileRef = CEB49700205E33C700C2E1DA /* AddEmployeeTableCell.swift */; };
		CEB49705205E38D100C2E1DA /* AddEmployeeModel.swift in Sources */ = {isa = PBXBuildFile; fileRef = CEB49704205E38D100C2E1DA /* AddEmployeeModel.swift */; };
		CEF71BA3201F575600B82C5F /* loginbutton.png in Resources */ = {isa = PBXBuildFile; fileRef = CEF71BA1201F575600B82C5F /* loginbutton.png */; };
		CEF71BA4201F575600B82C5F /* register.png in Resources */ = {isa = PBXBuildFile; fileRef = CEF71BA2201F575600B82C5F /* register.png */; };
/* End PBXBuildFile section */

/* Begin PBXFileReference section */
		65D0E7E9A2B6984E20ACD9FF /* Pods_Easy2Sell.framework */ = {isa = PBXFileReference; explicitFileType = wrapper.framework; includeInIndex = 0; path = Pods_Easy2Sell.framework; sourceTree = BUILT_PRODUCTS_DIR; };
		83E363CF90F6F80DCA6E0EE4 /* Pods-Easy2Sell.release.xcconfig */ = {isa = PBXFileReference; includeInIndex = 1; lastKnownFileType = text.xcconfig; name = "Pods-Easy2Sell.release.xcconfig"; path = "Pods/Target Support Files/Pods-Easy2Sell/Pods-Easy2Sell.release.xcconfig"; sourceTree = "<group>"; };
		CE13156C2018467000005956 /* Easy2Sell.app */ = {isa = PBXFileReference; explicitFileType = wrapper.application; includeInIndex = 0; path = Easy2Sell.app; sourceTree = BUILT_PRODUCTS_DIR; };
		CE13156F2018467000005956 /* AppDelegate.swift */ = {isa = PBXFileReference; lastKnownFileType = sourcecode.swift; name = AppDelegate.swift; path = Easy2Sell/AppDelegate.swift; sourceTree = "<group>"; };
		CE1315712018467000005956 /* HomeVC.swift */ = {isa = PBXFileReference; lastKnownFileType = sourcecode.swift; path = HomeVC.swift; sourceTree = "<group>"; };
		CE1315772018467000005956 /* Easy2Sell.xcdatamodel */ = {isa = PBXFileReference; lastKnownFileType = wrapper.xcdatamodel; path = Easy2Sell.xcdatamodel; sourceTree = "<group>"; };
		CE1315792018467000005956 /* Assets.xcassets */ = {isa = PBXFileReference; lastKnownFileType = folder.assetcatalog; path = Assets.xcassets; sourceTree = "<group>"; };
		CE13157C2018467000005956 /* Base */ = {isa = PBXFileReference; lastKnownFileType = file.storyboard; name = Base; path = Base.lproj/LaunchScreen.storyboard; sourceTree = "<group>"; };
		CE13157E2018467000005956 /* Info.plist */ = {isa = PBXFileReference; lastKnownFileType = text.plist.xml; name = Info.plist; path = Easy2Sell/Info.plist; sourceTree = "<group>"; };
		CE1315AE201E3B8C00005956 /* selectuser1.png */ = {isa = PBXFileReference; lastKnownFileType = image.png; name = selectuser1.png; path = ../selectuser1.png; sourceTree = "<group>"; };
		CE1315B0201E426200005956 /* admin1.png */ = {isa = PBXFileReference; lastKnownFileType = image.png; name = admin1.png; path = ../admin1.png; sourceTree = "<group>"; };
		CE1315B1201E426200005956 /* employeebutton.png */ = {isa = PBXFileReference; lastKnownFileType = image.png; name = employeebutton.png; path = ../employeebutton.png; sourceTree = "<group>"; };
		CE39CA112046780800A7B506 /* AdminHomeVC.swift */ = {isa = PBXFileReference; fileEncoding = 4; lastKnownFileType = sourcecode.swift; path = AdminHomeVC.swift; sourceTree = "<group>"; };
		CE39CA132046782000A7B506 /* EmployeeHomeVC.swift */ = {isa = PBXFileReference; fileEncoding = 4; lastKnownFileType = sourcecode.swift; path = EmployeeHomeVC.swift; sourceTree = "<group>"; };
		CE39CA152046795A00A7B506 /* AlertController.swift */ = {isa = PBXFileReference; fileEncoding = 4; lastKnownFileType = sourcecode.swift; path = AlertController.swift; sourceTree = "<group>"; };
		CE39CA37204ADB4800A7B506 /* logout-button-md.png */ = {isa = PBXFileReference; lastKnownFileType = image.png; path = "logout-button-md.png"; sourceTree = "<group>"; };
		CE39CA822057AD6100A7B506 /* acEmplyBTN.png */ = {isa = PBXFileReference; lastKnownFileType = image.png; path = acEmplyBTN.png; sourceTree = "<group>"; };
		CE39CA832057AD6100A7B506 /* addEplyBTN.png */ = {isa = PBXFileReference; lastKnownFileType = image.png; path = addEplyBTN.png; sourceTree = "<group>"; };
		CE39CA842057AD6100A7B506 /* addProBtn.png */ = {isa = PBXFileReference; lastKnownFileType = image.png; path = addProBtn.png; sourceTree = "<group>"; };
		CE39CA852057AD6100A7B506 /* proreqstBTN.png */ = {isa = PBXFileReference; lastKnownFileType = image.png; path = proreqstBTN.png; sourceTree = "<group>"; };
		CE39CA8A2057B67D00A7B506 /* MapView.png */ = {isa = PBXFileReference; lastKnownFileType = image.png; path = MapView.png; sourceTree = "<group>"; };
		CE39CA8C20582A1200A7B506 /* MySellHistory.png */ = {isa = PBXFileReference; lastKnownFileType = image.png; path = MySellHistory.png; sourceTree = "<group>"; };
		CE39CA8D20582A1200A7B506 /* MyVisitedCompany.png */ = {isa = PBXFileReference; lastKnownFileType = image.png; path = MyVisitedCompany.png; sourceTree = "<group>"; };
		CE39CA8E20582A1200A7B506 /* productList.png */ = {isa = PBXFileReference; lastKnownFileType = image.png; path = productList.png; sourceTree = "<group>"; };
		CE39CA92205831EE00A7B506 /* logout.png */ = {isa = PBXFileReference; lastKnownFileType = image.png; path = logout.png; sourceTree = "<group>"; };
		CE695567205A93BB00529BB6 /* FancyView.swift */ = {isa = PBXFileReference; fileEncoding = 4; lastKnownFileType = sourcecode.swift; path = FancyView.swift; sourceTree = "<group>"; };
		CE695569205A93C500529BB6 /* RoundBtn.swift */ = {isa = PBXFileReference; fileEncoding = 4; lastKnownFileType = sourcecode.swift; path = RoundBtn.swift; sourceTree = "<group>"; };
		CE69556B205A93CB00529BB6 /* FancyField.swift */ = {isa = PBXFileReference; fileEncoding = 4; lastKnownFileType = sourcecode.swift; path = FancyField.swift; sourceTree = "<group>"; };
		CE69556D205A93D100529BB6 /* FancyBtn.swift */ = {isa = PBXFileReference; fileEncoding = 4; lastKnownFileType = sourcecode.swift; path = FancyBtn.swift; sourceTree = "<group>"; };
		CE69556F205A93D700529BB6 /* CircleView.swift */ = {isa = PBXFileReference; fileEncoding = 4; lastKnownFileType = sourcecode.swift; path = CircleView.swift; sourceTree = "<group>"; };
		CE695572205A946B00529BB6 /* Constants.swift */ = {isa = PBXFileReference; fileEncoding = 4; lastKnownFileType = sourcecode.swift; path = Constants.swift; sourceTree = "<group>"; };
		CE6C0AE92020C16600FF6AB6 /* EmployeeSignUp_In.swift */ = {isa = PBXFileReference; fileEncoding = 4; lastKnownFileType = sourcecode.swift; path = EmployeeSignUp_In.swift; sourceTree = "<group>"; };
		CE85B982201F5D9C00F806E8 /* Base */ = {isa = PBXFileReference; lastKnownFileType = file.storyboard; name = Base; path = Base.lproj/Main.storyboard; sourceTree = "<group>"; };
		CE85B984201F618800F806E8 /* loginbtn.png */ = {isa = PBXFileReference; lastKnownFileType = image.png; path = loginbtn.png; sourceTree = "<group>"; };
		CE85B985201F618800F806E8 /* signupbtn.png */ = {isa = PBXFileReference; lastKnownFileType = image.png; path = signupbtn.png; sourceTree = "<group>"; };
		CE85B98D201F83C800F806E8 /* AdminSignUP_In.swift */ = {isa = PBXFileReference; fileEncoding = 4; lastKnownFileType = sourcecode.swift; path = AdminSignUP_In.swift; sourceTree = "<group>"; };
		CE903F8920458E6D00FAAEA0 /* GoogleService-Info.plist */ = {isa = PBXFileReference; fileEncoding = 4; lastKnownFileType = text.plist.xml; path = "GoogleService-Info.plist"; sourceTree = "<group>"; };
		CEB496F0205CFD6F00C2E1DA /* AddEmployeeVC.swift */ = {isa = PBXFileReference; fileEncoding = 4; lastKnownFileType = sourcecode.swift; path = AddEmployeeVC.swift; sourceTree = "<group>"; };
		CEB496F4205D02E600C2E1DA /* AddProductVC.swift */ = {isa = PBXFileReference; fileEncoding = 4; lastKnownFileType = sourcecode.swift; path = AddProductVC.swift; sourceTree = "<group>"; };
		CEB496F6205D03A700C2E1DA /* ProductRequestVC.swift */ = {isa = PBXFileReference; fileEncoding = 4; lastKnownFileType = sourcecode.swift; path = ProductRequestVC.swift; sourceTree = "<group>"; };
		CEB496F8205D04AF00C2E1DA /* ProductListVC.swift */ = {isa = PBXFileReference; fileEncoding = 4; lastKnownFileType = sourcecode.swift; path = ProductListVC.swift; sourceTree = "<group>"; };
		CEB496FA205D04F200C2E1DA /* MyVisitedComVC.swift */ = {isa = PBXFileReference; fileEncoding = 4; lastKnownFileType = sourcecode.swift; path = MyVisitedComVC.swift; sourceTree = "<group>"; };
		CEB496FC205D052700C2E1DA /* CellHistoryVC.swift */ = {isa = PBXFileReference; fileEncoding = 4; lastKnownFileType = sourcecode.swift; path = CellHistoryVC.swift; sourceTree = "<group>"; };
		CEB49700205E33C700C2E1DA /* AddEmployeeTableCell.swift */ = {isa = PBXFileReference; fileEncoding = 4; lastKnownFileType = sourcecode.swift; path = AddEmployeeTableCell.swift; sourceTree = "<group>"; };
		CEB49704205E38D100C2E1DA /* AddEmployeeModel.swift */ = {isa = PBXFileReference; fileEncoding = 4; lastKnownFileType = sourcecode.swift; path = AddEmployeeModel.swift; sourceTree = "<group>"; };
		CEF71BA1201F575600B82C5F /* loginbutton.png */ = {isa = PBXFileReference; lastKnownFileType = image.png; path = loginbutton.png; sourceTree = "<group>"; };
		CEF71BA2201F575600B82C5F /* register.png */ = {isa = PBXFileReference; lastKnownFileType = image.png; path = register.png; sourceTree = "<group>"; };
		F48494F7B6A81492615AC19A /* Pods-Easy2Sell.debug.xcconfig */ = {isa = PBXFileReference; includeInIndex = 1; lastKnownFileType = text.xcconfig; name = "Pods-Easy2Sell.debug.xcconfig"; path = "Pods/Target Support Files/Pods-Easy2Sell/Pods-Easy2Sell.debug.xcconfig"; sourceTree = "<group>"; };
/* End PBXFileReference section */

/* Begin PBXFrameworksBuildPhase section */
		CE1315692018467000005956 /* Frameworks */ = {
			isa = PBXFrameworksBuildPhase;
			buildActionMask = 2147483647;
			files = (
				32B1AB7F60E1AF67E8EF0FD6 /* Pods_Easy2Sell.framework in Frameworks */,
			);
			runOnlyForDeploymentPostprocessing = 0;
		};
/* End PBXFrameworksBuildPhase section */

/* Begin PBXGroup section */
		0BD5CC1B4BAA396AA125A3E6 /* Pods */ = {
			isa = PBXGroup;
			children = (
				F48494F7B6A81492615AC19A /* Pods-Easy2Sell.debug.xcconfig */,
				83E363CF90F6F80DCA6E0EE4 /* Pods-Easy2Sell.release.xcconfig */,
			);
			name = Pods;
			sourceTree = "<group>";
		};
		4401095551D4A1BF0AF12B04 /* Frameworks */ = {
			isa = PBXGroup;
			children = (
				65D0E7E9A2B6984E20ACD9FF /* Pods_Easy2Sell.framework */,
			);
			name = Frameworks;
			sourceTree = "<group>";
		};
		CE1315632018467000005956 = {
			isa = PBXGroup;
			children = (
				CE13156E2018467000005956 /* Easy2Sell */,
				CE13156D2018467000005956 /* Products */,
				0BD5CC1B4BAA396AA125A3E6 /* Pods */,
				4401095551D4A1BF0AF12B04 /* Frameworks */,
			);
			sourceTree = "<group>";
		};
		CE13156D2018467000005956 /* Products */ = {
			isa = PBXGroup;
			children = (
				CE13156C2018467000005956 /* Easy2Sell.app */,
			);
			name = Products;
			sourceTree = "<group>";
		};
		CE13156E2018467000005956 /* Easy2Sell */ = {
			isa = PBXGroup;
			children = (
				CE695571205A945F00529BB6 /* Util */,
				CE85B98B201F82E300F806E8 /* Controller */,
				CE85B98A201F82D600F806E8 /* View */,
				CE85B989201F82CE00F806E8 /* Model */,
				CE1315792018467000005956 /* Assets.xcassets */,
				CE85B988201F82B900F806E8 /* images */,
				CE85B98C201F830500F806E8 /* SupportingFiels */,
			);
			path = Easy2Sell;
			sourceTree = "<group>";
		};
		CE695571205A945F00529BB6 /* Util */ = {
			isa = PBXGroup;
			children = (
				CE695572205A946B00529BB6 /* Constants.swift */,
			);
			name = Util;
			sourceTree = "<group>";
		};
		CE85B988201F82B900F806E8 /* images */ = {
			isa = PBXGroup;
			children = (
				CE85B984201F618800F806E8 /* loginbtn.png */,
				CE85B985201F618800F806E8 /* signupbtn.png */,
				CE1315B0201E426200005956 /* admin1.png */,
				CE1315B1201E426200005956 /* employeebutton.png */,
				CEF71BA1201F575600B82C5F /* loginbutton.png */,
				CE39CA822057AD6100A7B506 /* acEmplyBTN.png */,
				CE39CA832057AD6100A7B506 /* addEplyBTN.png */,
				CE39CA8C20582A1200A7B506 /* MySellHistory.png */,
				CE39CA8D20582A1200A7B506 /* MyVisitedCompany.png */,
				CE39CA8E20582A1200A7B506 /* productList.png */,
				CE39CA842057AD6100A7B506 /* addProBtn.png */,
				CE39CA852057AD6100A7B506 /* proreqstBTN.png */,
				CEF71BA2201F575600B82C5F /* register.png */,
				CE39CA8A2057B67D00A7B506 /* MapView.png */,
				CE39CA92205831EE00A7B506 /* logout.png */,
				CE39CA37204ADB4800A7B506 /* logout-button-md.png */,
				CE1315AE201E3B8C00005956 /* selectuser1.png */,
			);
			name = images;
			sourceTree = "<group>";
		};
		CE85B989201F82CE00F806E8 /* Model */ = {
			isa = PBXGroup;
			children = (
				CEB49703205E388500C2E1DA /* Employee-panel */,
				CEB49702205E387900C2E1DA /* Admin-panel */,
				CE39CA152046795A00A7B506 /* AlertController.swift */,
			);
			name = Model;
			sourceTree = "<group>";
		};
		CE85B98A201F82D600F806E8 /* View */ = {
			isa = PBXGroup;
			children = (
				CEB496FF205E338600C2E1DA /* Employee-panel */,
				CEB496FE205E337100C2E1DA /* Admin-panel */,
				CE695567205A93BB00529BB6 /* FancyView.swift */,
				CE695569205A93C500529BB6 /* RoundBtn.swift */,
				CE69556B205A93CB00529BB6 /* FancyField.swift */,
				CE69556D205A93D100529BB6 /* FancyBtn.swift */,
				CE69556F205A93D700529BB6 /* CircleView.swift */,
				CE85B981201F5D9C00F806E8 /* Main.storyboard */,
				CE13157B2018467000005956 /* LaunchScreen.storyboard */,
			);
			name = View;
			sourceTree = "<group>";
		};
		CE85B98B201F82E300F806E8 /* Controller */ = {
			isa = PBXGroup;
			children = (
				CEB496F3205CFD9000C2E1DA /* EmployeeVC */,
				CEB496F2205CFD7D00C2E1DA /* AdminVC */,
				CE1315712018467000005956 /* HomeVC.swift */,
			);
			name = Controller;
			sourceTree = "<group>";
		};
		CE85B98C201F830500F806E8 /* SupportingFiels */ = {
			isa = PBXGroup;
			children = (
				CE903F8920458E6D00FAAEA0 /* GoogleService-Info.plist */,
				CE13156F2018467000005956 /* AppDelegate.swift */,
				CE13157E2018467000005956 /* Info.plist */,
				CE1315762018467000005956 /* Easy2Sell.xcdatamodeld */,
			);
			name = SupportingFiels;
			path = ..;
			sourceTree = "<group>";
		};
		CEB496F2205CFD7D00C2E1DA /* AdminVC */ = {
			isa = PBXGroup;
			children = (
				CE85B98D201F83C800F806E8 /* AdminSignUP_In.swift */,
				CE39CA112046780800A7B506 /* AdminHomeVC.swift */,
				CEB496F0205CFD6F00C2E1DA /* AddEmployeeVC.swift */,
				CEB496F4205D02E600C2E1DA /* AddProductVC.swift */,
				CEB496F6205D03A700C2E1DA /* ProductRequestVC.swift */,
			);
			name = AdminVC;
			sourceTree = "<group>";
		};
		CEB496F3205CFD9000C2E1DA /* EmployeeVC */ = {
			isa = PBXGroup;
			children = (
				CE6C0AE92020C16600FF6AB6 /* EmployeeSignUp_In.swift */,
				CE39CA132046782000A7B506 /* EmployeeHomeVC.swift */,
				CEB496F8205D04AF00C2E1DA /* ProductListVC.swift */,
				CEB496FA205D04F200C2E1DA /* MyVisitedComVC.swift */,
				CEB496FC205D052700C2E1DA /* CellHistoryVC.swift */,
			);
			name = EmployeeVC;
			sourceTree = "<group>";
		};
		CEB496FE205E337100C2E1DA /* Admin-panel */ = {
			isa = PBXGroup;
			children = (
				CEB49700205E33C700C2E1DA /* AddEmployeeTableCell.swift */,
			);
			name = "Admin-panel";
			sourceTree = "<group>";
		};
		CEB496FF205E338600C2E1DA /* Employee-panel */ = {
			isa = PBXGroup;
			children = (
			);
			name = "Employee-panel";
			sourceTree = "<group>";
		};
		CEB49702205E387900C2E1DA /* Admin-panel */ = {
			isa = PBXGroup;
			children = (
				CEB49704205E38D100C2E1DA /* AddEmployeeModel.swift */,
			);
			name = "Admin-panel";
			sourceTree = "<group>";
		};
		CEB49703205E388500C2E1DA /* Employee-panel */ = {
			isa = PBXGroup;
			children = (
			);
			name = "Employee-panel";
			sourceTree = "<group>";
		};
/* End PBXGroup section */

/* Begin PBXNativeTarget section */
		CE13156B2018467000005956 /* Easy2Sell */ = {
			isa = PBXNativeTarget;
			buildConfigurationList = CE1315812018467000005956 /* Build configuration list for PBXNativeTarget "Easy2Sell" */;
			buildPhases = (
				528E5BB802A7CBAD3D285A61 /* [CP] Check Pods Manifest.lock */,
				CE1315682018467000005956 /* Sources */,
				CE1315692018467000005956 /* Frameworks */,
				CE13156A2018467000005956 /* Resources */,
				B1BA0A33F8613570D9C900BC /* [CP] Embed Pods Frameworks */,
				C9F678B385A1E7EE51C09E5E /* [CP] Copy Pods Resources */,
			);
			buildRules = (
			);
			dependencies = (
			);
			name = Easy2Sell;
			productName = Easy2Sell;
			productReference = CE13156C2018467000005956 /* Easy2Sell.app */;
			productType = "com.apple.product-type.application";
		};
/* End PBXNativeTarget section */

/* Begin PBXProject section */
		CE1315642018467000005956 /* Project object */ = {
			isa = PBXProject;
			attributes = {
				LastSwiftUpdateCheck = 0830;
				LastUpgradeCheck = 0830;
				ORGANIZATIONNAME = "MacBook Air";
				TargetAttributes = {
					CE13156B2018467000005956 = {
						CreatedOnToolsVersion = 8.3.1;
						DevelopmentTeam = 8MBSDR4W6C;
						ProvisioningStyle = Automatic;
					};
				};
			};
			buildConfigurationList = CE1315672018467000005956 /* Build configuration list for PBXProject "Easy2Sell" */;
			compatibilityVersion = "Xcode 3.2";
			developmentRegion = English;
			hasScannedForEncodings = 0;
			knownRegions = (
				en,
				Base,
			);
			mainGroup = CE1315632018467000005956;
			productRefGroup = CE13156D2018467000005956 /* Products */;
			projectDirPath = "";
			projectRoot = "";
			targets = (
				CE13156B2018467000005956 /* Easy2Sell */,
			);
		};
/* End PBXProject section */

/* Begin PBXResourcesBuildPhase section */
		CE13156A2018467000005956 /* Resources */ = {
			isa = PBXResourcesBuildPhase;
			buildActionMask = 2147483647;
			files = (
				CE1315B2201E426200005956 /* admin1.png in Resources */,
				CE39CA862057AD6100A7B506 /* acEmplyBTN.png in Resources */,
				CE13157D2018467000005956 /* LaunchScreen.storyboard in Resources */,
				CE13157A2018467000005956 /* Assets.xcassets in Resources */,
				CE39CA8F20582A1200A7B506 /* MySellHistory.png in Resources */,
				CE39CA872057AD6100A7B506 /* addEplyBTN.png in Resources */,
				CE1315B3201E426200005956 /* employeebutton.png in Resources */,
				CE39CA8B2057B67D00A7B506 /* MapView.png in Resources */,
				CE39CA892057AD6100A7B506 /* proreqstBTN.png in Resources */,
				CE1315AF201E3B8C00005956 /* selectuser1.png in Resources */,
				CE85B986201F618800F806E8 /* loginbtn.png in Resources */,
				CE39CA93205831EE00A7B506 /* logout.png in Resources */,
				CE39CA9020582A1200A7B506 /* MyVisitedCompany.png in Resources */,
				CE85B983201F5D9C00F806E8 /* Main.storyboard in Resources */,
				CE85B987201F618800F806E8 /* signupbtn.png in Resources */,
				CE39CA38204ADB4800A7B506 /* logout-button-md.png in Resources */,
				CEF71BA4201F575600B82C5F /* register.png in Resources */,
				CE903F8A20458E6D00FAAEA0 /* GoogleService-Info.plist in Resources */,
				CE39CA882057AD6100A7B506 /* addProBtn.png in Resources */,
				CEF71BA3201F575600B82C5F /* loginbutton.png in Resources */,
				CE39CA9120582A1200A7B506 /* productList.png in Resources */,
			);
			runOnlyForDeploymentPostprocessing = 0;
		};
/* End PBXResourcesBuildPhase section */

/* Begin PBXShellScriptBuildPhase section */
		528E5BB802A7CBAD3D285A61 /* [CP] Check Pods Manifest.lock */ = {
			isa = PBXShellScriptBuildPhase;
			buildActionMask = 2147483647;
			files = (
			);
			inputPaths = (
				"${PODS_PODFILE_DIR_PATH}/Podfile.lock",
				"${PODS_ROOT}/Manifest.lock",
			);
			name = "[CP] Check Pods Manifest.lock";
			outputPaths = (
				"$(DERIVED_FILE_DIR)/Pods-Easy2Sell-checkManifestLockResult.txt",
			);
			runOnlyForDeploymentPostprocessing = 0;
			shellPath = /bin/sh;
			shellScript = "diff \"${PODS_PODFILE_DIR_PATH}/Podfile.lock\" \"${PODS_ROOT}/Manifest.lock\" > /dev/null\nif [ $? != 0 ] ; then\n    # print error to STDERR\n    echo \"error: The sandbox is not in sync with the Podfile.lock. Run 'pod install' or update your CocoaPods installation.\" >&2\n    exit 1\nfi\n# This output is used by Xcode 'outputs' to avoid re-running this script phase.\necho \"SUCCESS\" > \"${SCRIPT_OUTPUT_FILE_0}\"\n";
			showEnvVarsInLog = 0;
		};
		B1BA0A33F8613570D9C900BC /* [CP] Embed Pods Frameworks */ = {
			isa = PBXShellScriptBuildPhase;
			buildActionMask = 2147483647;
			files = (
			);
			inputPaths = (
				"${SRCROOT}/Pods/Target Support Files/Pods-Easy2Sell/Pods-Easy2Sell-frameworks.sh",
				"${BUILT_PRODUCTS_DIR}/GTMSessionFetcher/GTMSessionFetcher.framework",
				"${BUILT_PRODUCTS_DIR}/GoogleToolboxForMac/GoogleToolboxForMac.framework",
				"${BUILT_PRODUCTS_DIR}/SwiftKeychainWrapper/SwiftKeychainWrapper.framework",
				"${BUILT_PRODUCTS_DIR}/leveldb-library/leveldb.framework",
				"${BUILT_PRODUCTS_DIR}/nanopb/nanopb.framework",
			);
			name = "[CP] Embed Pods Frameworks";
			outputPaths = (
				"${TARGET_BUILD_DIR}/${FRAMEWORKS_FOLDER_PATH}/GTMSessionFetcher.framework",
				"${TARGET_BUILD_DIR}/${FRAMEWORKS_FOLDER_PATH}/GoogleToolboxForMac.framework",
				"${TARGET_BUILD_DIR}/${FRAMEWORKS_FOLDER_PATH}/SwiftKeychainWrapper.framework",
				"${TARGET_BUILD_DIR}/${FRAMEWORKS_FOLDER_PATH}/leveldb.framework",
				"${TARGET_BUILD_DIR}/${FRAMEWORKS_FOLDER_PATH}/nanopb.framework",
			);
			runOnlyForDeploymentPostprocessing = 0;
			shellPath = /bin/sh;
			shellScript = "\"${SRCROOT}/Pods/Target Support Files/Pods-Easy2Sell/Pods-Easy2Sell-frameworks.sh\"\n";
			showEnvVarsInLog = 0;
		};
		C9F678B385A1E7EE51C09E5E /* [CP] Copy Pods Resources */ = {
			isa = PBXShellScriptBuildPhase;
			buildActionMask = 2147483647;
			files = (
			);
			inputPaths = (
			);
			name = "[CP] Copy Pods Resources";
			outputPaths = (
			);
			runOnlyForDeploymentPostprocessing = 0;
			shellPath = /bin/sh;
			shellScript = "\"${SRCROOT}/Pods/Target Support Files/Pods-Easy2Sell/Pods-Easy2Sell-resources.sh\"\n";
			showEnvVarsInLog = 0;
		};
/* End PBXShellScriptBuildPhase section */

/* Begin PBXSourcesBuildPhase section */
		CE1315682018467000005956 /* Sources */ = {
			isa = PBXSourcesBuildPhase;
			buildActionMask = 2147483647;
			files = (
				CEB496F5205D02E600C2E1DA /* AddProductVC.swift in Sources */,
				CEB496FD205D052700C2E1DA /* CellHistoryVC.swift in Sources */,
				CE85B98E201F83C800F806E8 /* AdminSignUP_In.swift in Sources */,
				CEB49701205E33C700C2E1DA /* AddEmployeeTableCell.swift in Sources */,
				CE69556A205A93C500529BB6 /* RoundBtn.swift in Sources */,
				CE39CA122046780800A7B506 /* AdminHomeVC.swift in Sources */,
				CEB496FB205D04F200C2E1DA /* MyVisitedComVC.swift in Sources */,
				CE695568205A93BB00529BB6 /* FancyView.swift in Sources */,
				CE1315722018467000005956 /* HomeVC.swift in Sources */,
				CE39CA142046782000A7B506 /* EmployeeHomeVC.swift in Sources */,
				CE69556E205A93D100529BB6 /* FancyBtn.swift in Sources */,
				CE39CA162046795A00A7B506 /* AlertController.swift in Sources */,
				CEB496F1205CFD6F00C2E1DA /* AddEmployeeVC.swift in Sources */,
				CE695570205A93D700529BB6 /* CircleView.swift in Sources */,
				CEB496F7205D03A700C2E1DA /* ProductRequestVC.swift in Sources */,
				CE6C0AEA2020C16600FF6AB6 /* EmployeeSignUp_In.swift in Sources */,
				CE1315702018467000005956 /* AppDelegate.swift in Sources */,
				CEB496F9205D04AF00C2E1DA /* ProductListVC.swift in Sources */,
				CE695573205A946B00529BB6 /* Constants.swift in Sources */,
				CEB49705205E38D100C2E1DA /* AddEmployeeModel.swift in Sources */,
				CE69556C205A93CB00529BB6 /* FancyField.swift in Sources */,
				CE1315782018467000005956 /* Easy2Sell.xcdatamodeld in Sources */,
			);
			runOnlyForDeploymentPostprocessing = 0;
		};
/* End PBXSourcesBuildPhase section */

/* Begin PBXVariantGroup section */
		CE13157B2018467000005956 /* LaunchScreen.storyboard */ = {
			isa = PBXVariantGroup;
			children = (
				CE13157C2018467000005956 /* Base */,
			);
			name = LaunchScreen.storyboard;
			sourceTree = "<group>";
		};
		CE85B981201F5D9C00F806E8 /* Main.storyboard */ = {
			isa = PBXVariantGroup;
			children = (
				CE85B982201F5D9C00F806E8 /* Base */,
			);
			name = Main.storyboard;
			sourceTree = "<group>";
		};
/* End PBXVariantGroup section */

/* Begin XCBuildConfiguration section */
		CE13157F2018467000005956 /* Debug */ = {
			isa = XCBuildConfiguration;
			buildSettings = {
				ALWAYS_SEARCH_USER_PATHS = NO;
				CLANG_ANALYZER_NONNULL = YES;
				CLANG_ANALYZER_NUMBER_OBJECT_CONVERSION = YES_AGGRESSIVE;
				CLANG_CXX_LANGUAGE_STANDARD = "gnu++0x";
				CLANG_CXX_LIBRARY = "libc++";
				CLANG_ENABLE_MODULES = YES;
				CLANG_ENABLE_OBJC_ARC = YES;
				CLANG_WARN_BOOL_CONVERSION = YES;
				CLANG_WARN_CONSTANT_CONVERSION = YES;
				CLANG_WARN_DIRECT_OBJC_ISA_USAGE = YES_ERROR;
				CLANG_WARN_DOCUMENTATION_COMMENTS = YES;
				CLANG_WARN_EMPTY_BODY = YES;
				CLANG_WARN_ENUM_CONVERSION = YES;
				CLANG_WARN_INFINITE_RECURSION = YES;
				CLANG_WARN_INT_CONVERSION = YES;
				CLANG_WARN_OBJC_ROOT_CLASS = YES_ERROR;
				CLANG_WARN_SUSPICIOUS_MOVE = YES;
				CLANG_WARN_UNREACHABLE_CODE = YES;
				CLANG_WARN__DUPLICATE_METHOD_MATCH = YES;
				"CODE_SIGN_IDENTITY[sdk=iphoneos*]" = "iPhone Developer";
				COPY_PHASE_STRIP = NO;
				DEBUG_INFORMATION_FORMAT = dwarf;
				ENABLE_STRICT_OBJC_MSGSEND = YES;
				ENABLE_TESTABILITY = YES;
				GCC_C_LANGUAGE_STANDARD = gnu99;
				GCC_DYNAMIC_NO_PIC = NO;
				GCC_NO_COMMON_BLOCKS = YES;
				GCC_OPTIMIZATION_LEVEL = 0;
				GCC_PREPROCESSOR_DEFINITIONS = (
					"DEBUG=1",
					"$(inherited)",
				);
				GCC_WARN_64_TO_32_BIT_CONVERSION = YES;
				GCC_WARN_ABOUT_RETURN_TYPE = YES_ERROR;
				GCC_WARN_UNDECLARED_SELECTOR = YES;
				GCC_WARN_UNINITIALIZED_AUTOS = YES_AGGRESSIVE;
				GCC_WARN_UNUSED_FUNCTION = YES;
				GCC_WARN_UNUSED_VARIABLE = YES;
				IPHONEOS_DEPLOYMENT_TARGET = 10.3;
				MTL_ENABLE_DEBUG_INFO = YES;
				ONLY_ACTIVE_ARCH = YES;
				SDKROOT = iphoneos;
				SWIFT_ACTIVE_COMPILATION_CONDITIONS = DEBUG;
				SWIFT_OPTIMIZATION_LEVEL = "-Onone";
				TARGETED_DEVICE_FAMILY = "1,2";
			};
			name = Debug;
		};
		CE1315802018467000005956 /* Release */ = {
			isa = XCBuildConfiguration;
			buildSettings = {
				ALWAYS_SEARCH_USER_PATHS = NO;
				CLANG_ANALYZER_NONNULL = YES;
				CLANG_ANALYZER_NUMBER_OBJECT_CONVERSION = YES_AGGRESSIVE;
				CLANG_CXX_LANGUAGE_STANDARD = "gnu++0x";
				CLANG_CXX_LIBRARY = "libc++";
				CLANG_ENABLE_MODULES = YES;
				CLANG_ENABLE_OBJC_ARC = YES;
				CLANG_WARN_BOOL_CONVERSION = YES;
				CLANG_WARN_CONSTANT_CONVERSION = YES;
				CLANG_WARN_DIRECT_OBJC_ISA_USAGE = YES_ERROR;
				CLANG_WARN_DOCUMENTATION_COMMENTS = YES;
				CLANG_WARN_EMPTY_BODY = YES;
				CLANG_WARN_ENUM_CONVERSION = YES;
				CLANG_WARN_INFINITE_RECURSION = YES;
				CLANG_WARN_INT_CONVERSION = YES;
				CLANG_WARN_OBJC_ROOT_CLASS = YES_ERROR;
				CLANG_WARN_SUSPICIOUS_MOVE = YES;
				CLANG_WARN_UNREACHABLE_CODE = YES;
				CLANG_WARN__DUPLICATE_METHOD_MATCH = YES;
				"CODE_SIGN_IDENTITY[sdk=iphoneos*]" = "iPhone Developer";
				COPY_PHASE_STRIP = NO;
				DEBUG_INFORMATION_FORMAT = "dwarf-with-dsym";
				ENABLE_NS_ASSERTIONS = NO;
				ENABLE_STRICT_OBJC_MSGSEND = YES;
				GCC_C_LANGUAGE_STANDARD = gnu99;
				GCC_NO_COMMON_BLOCKS = YES;
				GCC_WARN_64_TO_32_BIT_CONVERSION = YES;
				GCC_WARN_ABOUT_RETURN_TYPE = YES_ERROR;
				GCC_WARN_UNDECLARED_SELECTOR = YES;
				GCC_WARN_UNINITIALIZED_AUTOS = YES_AGGRESSIVE;
				GCC_WARN_UNUSED_FUNCTION = YES;
				GCC_WARN_UNUSED_VARIABLE = YES;
				IPHONEOS_DEPLOYMENT_TARGET = 10.3;
				MTL_ENABLE_DEBUG_INFO = NO;
				SDKROOT = iphoneos;
				SWIFT_OPTIMIZATION_LEVEL = "-Owholemodule";
				TARGETED_DEVICE_FAMILY = "1,2";
				VALIDATE_PRODUCT = YES;
			};
			name = Release;
		};
		CE1315822018467000005956 /* Debug */ = {
			isa = XCBuildConfiguration;
			baseConfigurationReference = F48494F7B6A81492615AC19A /* Pods-Easy2Sell.debug.xcconfig */;
			buildSettings = {
				ASSETCATALOG_COMPILER_APPICON_NAME = AppIcon;
				DEVELOPMENT_TEAM = 8MBSDR4W6C;
				INFOPLIST_FILE = Easy2Sell/Info.plist;
				IPHONEOS_DEPLOYMENT_TARGET = 10.0;
				LD_RUNPATH_SEARCH_PATHS = "$(inherited) @executable_path/Frameworks";
				PRODUCT_BUNDLE_IDENTIFIER = universal.Easy2Sell;
				PRODUCT_NAME = "$(TARGET_NAME)";
				SWIFT_VERSION = 3.0;
				TARGETED_DEVICE_FAMILY = 1;
			};
			name = Debug;
		};
		CE1315832018467000005956 /* Release */ = {
			isa = XCBuildConfiguration;
			baseConfigurationReference = 83E363CF90F6F80DCA6E0EE4 /* Pods-Easy2Sell.release.xcconfig */;
			buildSettings = {
				ASSETCATALOG_COMPILER_APPICON_NAME = AppIcon;
				DEVELOPMENT_TEAM = 8MBSDR4W6C;
				INFOPLIST_FILE = Easy2Sell/Info.plist;
				IPHONEOS_DEPLOYMENT_TARGET = 10.0;
				LD_RUNPATH_SEARCH_PATHS = "$(inherited) @executable_path/Frameworks";
				PRODUCT_BUNDLE_IDENTIFIER = universal.Easy2Sell;
				PRODUCT_NAME = "$(TARGET_NAME)";
				SWIFT_VERSION = 3.0;
				TARGETED_DEVICE_FAMILY = 1;
			};
			name = Release;
		};
/* End XCBuildConfiguration section */

/* Begin XCConfigurationList section */
		CE1315672018467000005956 /* Build configuration list for PBXProject "Easy2Sell" */ = {
			isa = XCConfigurationList;
			buildConfigurations = (
				CE13157F2018467000005956 /* Debug */,
				CE1315802018467000005956 /* Release */,
			);
			defaultConfigurationIsVisible = 0;
			defaultConfigurationName = Release;
		};
		CE1315812018467000005956 /* Build configuration list for PBXNativeTarget "Easy2Sell" */ = {
			isa = XCConfigurationList;
			buildConfigurations = (
				CE1315822018467000005956 /* Debug */,
				CE1315832018467000005956 /* Release */,
			);
			defaultConfigurationIsVisible = 0;
			defaultConfigurationName = Release;
		};
/* End XCConfigurationList section */

/* Begin XCVersionGroup section */
		CE1315762018467000005956 /* Easy2Sell.xcdatamodeld */ = {
			isa = XCVersionGroup;
			children = (
				CE1315772018467000005956 /* Easy2Sell.xcdatamodel */,
			);
			currentVersion = CE1315772018467000005956 /* Easy2Sell.xcdatamodel */;
			name = Easy2Sell.xcdatamodeld;
			path = Easy2Sell/Easy2Sell.xcdatamodeld;
			sourceTree = "<group>";
			versionGroupType = wrapper.xcdatamodel;
		};
/* End XCVersionGroup section */
	};
	rootObject = CE1315642018467000005956 /* Project object */;
}
